// !$*UTF8*$!
{
	archiveVersion = 1;
	classes = {
	};
	objectVersion = 46;
	objects = {

/* Begin PBXBuildFile section */
		B03883651B76D57E00895145 /* Assets.xcassets in Resources */ = {isa = PBXBuildFile; fileRef = B03883631B76D57E00895145 /* Assets.xcassets */; };
		B08699071B76E63A00C3BF3F /* AppearanceCodeReader.swift in Sources */ = {isa = PBXBuildFile; fileRef = B08699011B76E63A00C3BF3F /* AppearanceCodeReader.swift */; };
		B08699081B76E63A00C3BF3F /* AppearanceController.swift in Sources */ = {isa = PBXBuildFile; fileRef = B08699021B76E63A00C3BF3F /* AppearanceController.swift */; };
		B08699091B76E63A00C3BF3F /* AppearanceME1Group.swift in Sources */ = {isa = PBXBuildFile; fileRef = B08699031B76E63A00C3BF3F /* AppearanceME1Group.swift */; };
		B086990A1B76E63A00C3BF3F /* AppearanceME1Slider.swift in Sources */ = {isa = PBXBuildFile; fileRef = B08699041B76E63A00C3BF3F /* AppearanceME1Slider.swift */; };
		B086990B1B76E63A00C3BF3F /* Appearance.storyboard in Resources */ = {isa = PBXBuildFile; fileRef = B08699051B76E63A00C3BF3F /* Appearance.storyboard */; };
		B08699241B76E90500C3BF3F /* Images.xcassets in Resources */ = {isa = PBXBuildFile; fileRef = B086991F1B76E90500C3BF3F /* Images.xcassets */; };
		B08699251B76E90500C3BF3F /* SectionHeader.xib in Resources */ = {isa = PBXBuildFile; fileRef = B08699211B76E90500C3BF3F /* SectionHeader.xib */; };
		B08699261B76E90500C3BF3F /* SectionHeader.swift in Sources */ = {isa = PBXBuildFile; fileRef = B08699231B76E90500C3BF3F /* SectionHeader.swift */; };
		B08699281B76E96800C3BF3F /* HairlineBorderView.swift in Sources */ = {isa = PBXBuildFile; fileRef = B08699271B76E96800C3BF3F /* HairlineBorderView.swift */; };
		B0AD3F521B6EEC6D0013C0F7 /* AppDelegate.swift in Sources */ = {isa = PBXBuildFile; fileRef = B0AD3F511B6EEC6D0013C0F7 /* AppDelegate.swift */; };
		B0AD3F591B6EEC6D0013C0F7 /* Assets.xcassets in Resources */ = {isa = PBXBuildFile; fileRef = B0AD3F581B6EEC6D0013C0F7 /* Assets.xcassets */; };
		B0AD3F5C1B6EEC6D0013C0F7 /* LaunchScreen.storyboard in Resources */ = {isa = PBXBuildFile; fileRef = B0AD3F5A1B6EEC6D0013C0F7 /* LaunchScreen.storyboard */; };
		B0AD3FD61B6EEDEA0013C0F7 /* StringExtension.swift in Sources */ = {isa = PBXBuildFile; fileRef = B0AD3FD21B6EEDEA0013C0F7 /* StringExtension.swift */; };
		B0AD3FD71B6EEDEA0013C0F7 /* UIView.swift in Sources */ = {isa = PBXBuildFile; fileRef = B0AD3FD31B6EEDEA0013C0F7 /* UIView.swift */; };
		B0AD3FD81B6EEDEA0013C0F7 /* HTTPData.swift in Sources */ = {isa = PBXBuildFile; fileRef = B0AD3FD51B6EEDEA0013C0F7 /* HTTPData.swift */; };
		B0AD3FDC1B6EEE000013C0F7 /* IBIncludedThing.swift in Sources */ = {isa = PBXBuildFile; fileRef = B0AD3FDA1B6EEE000013C0F7 /* IBIncludedThing.swift */; };
		B0AD3FDD1B6EEE000013C0F7 /* IBIncludedWrapperViewController.swift in Sources */ = {isa = PBXBuildFile; fileRef = B0AD3FDB1B6EEE000013C0F7 /* IBIncludedWrapperViewController.swift */; };
		B0AD3FF41B6EEE290013C0F7 /* ShepardFlow.storyboard in Resources */ = {isa = PBXBuildFile; fileRef = B0AD3FE21B6EEE290013C0F7 /* ShepardFlow.storyboard */; };
		B0AD40011B6EEE640013C0F7 /* SavedData.swift in Sources */ = {isa = PBXBuildFile; fileRef = B0AD3FFF1B6EEE640013C0F7 /* SavedData.swift */; };
		B0AD40021B6EEE640013C0F7 /* Shepard.swift in Sources */ = {isa = PBXBuildFile; fileRef = B0AD40001B6EEE640013C0F7 /* Shepard.swift */; };
		B0AD40061B6EEE730013C0F7 /* RoundedCornersBox.swift in Sources */ = {isa = PBXBuildFile; fileRef = B0AD40041B6EEE730013C0F7 /* RoundedCornersBox.swift */; };
		B0AD40071B6EEE730013C0F7 /* Spinner.swift in Sources */ = {isa = PBXBuildFile; fileRef = B0AD40051B6EEE730013C0F7 /* Spinner.swift */; };
		B0AD40181B6EEE970013C0F7 /* Shepard.storyboard in Resources */ = {isa = PBXBuildFile; fileRef = B0AD40151B6EEE970013C0F7 /* Shepard.storyboard */; };
		B0AD40191B6EEE970013C0F7 /* ShepardController.swift in Sources */ = {isa = PBXBuildFile; fileRef = B0AD40171B6EEE970013C0F7 /* ShepardController.swift */; };
		B12949941B78425F003B88FD /* ShepardFlowController.swift in Sources */ = {isa = PBXBuildFile; fileRef = B12949931B78425F003B88FD /* ShepardFlowController.swift */; };
		B12949961B78747F003B88FD /* CurrentGame.swift in Sources */ = {isa = PBXBuildFile; fileRef = B12949951B78747F003B88FD /* CurrentGame.swift */; };
/* End PBXBuildFile section */

/* Begin PBXFileReference section */
		B03883641B76D57E00895145 /* Base */ = {isa = PBXFileReference; lastKnownFileType = folder.assetcatalog; name = Base; path = Base.lproj/Assets.xcassets; sourceTree = "<group>"; };
		B08699011B76E63A00C3BF3F /* AppearanceCodeReader.swift */ = {isa = PBXFileReference; fileEncoding = 4; lastKnownFileType = sourcecode.swift; path = AppearanceCodeReader.swift; sourceTree = "<group>"; };
		B08699021B76E63A00C3BF3F /* AppearanceController.swift */ = {isa = PBXFileReference; fileEncoding = 4; lastKnownFileType = sourcecode.swift; path = AppearanceController.swift; sourceTree = "<group>"; };
		B08699031B76E63A00C3BF3F /* AppearanceME1Group.swift */ = {isa = PBXFileReference; fileEncoding = 4; lastKnownFileType = sourcecode.swift; path = AppearanceME1Group.swift; sourceTree = "<group>"; };
		B08699041B76E63A00C3BF3F /* AppearanceME1Slider.swift */ = {isa = PBXFileReference; fileEncoding = 4; lastKnownFileType = sourcecode.swift; path = AppearanceME1Slider.swift; sourceTree = "<group>"; };
		B08699061B76E63A00C3BF3F /* Base */ = {isa = PBXFileReference; lastKnownFileType = file.storyboard; name = Base; path = Base.lproj/Appearance.storyboard; sourceTree = "<group>"; };
		B08699201B76E90500C3BF3F /* Base */ = {isa = PBXFileReference; lastKnownFileType = folder.assetcatalog; name = Base; path = Base.lproj/Images.xcassets; sourceTree = "<group>"; };
		B08699221B76E90500C3BF3F /* Base */ = {isa = PBXFileReference; lastKnownFileType = file.xib; name = Base; path = Base.lproj/SectionHeader.xib; sourceTree = "<group>"; };
		B08699231B76E90500C3BF3F /* SectionHeader.swift */ = {isa = PBXFileReference; fileEncoding = 4; lastKnownFileType = sourcecode.swift; path = SectionHeader.swift; sourceTree = "<group>"; };
		B08699271B76E96800C3BF3F /* HairlineBorderView.swift */ = {isa = PBXFileReference; fileEncoding = 4; lastKnownFileType = sourcecode.swift; name = HairlineBorderView.swift; path = ShepardAppearanceConverter/Views/Common/HairlineBorderView.swift; sourceTree = SOURCE_ROOT; };
		B0AD3F4E1B6EEC6D0013C0F7 /* ShepardAppearanceConverter.app */ = {isa = PBXFileReference; explicitFileType = wrapper.application; includeInIndex = 0; path = ShepardAppearanceConverter.app; sourceTree = BUILT_PRODUCTS_DIR; };
		B0AD3F511B6EEC6D0013C0F7 /* AppDelegate.swift */ = {isa = PBXFileReference; lastKnownFileType = sourcecode.swift; path = AppDelegate.swift; sourceTree = "<group>"; };
		B0AD3F581B6EEC6D0013C0F7 /* Assets.xcassets */ = {isa = PBXFileReference; lastKnownFileType = folder.assetcatalog; path = Assets.xcassets; sourceTree = "<group>"; };
		B0AD3F5B1B6EEC6D0013C0F7 /* Base */ = {isa = PBXFileReference; lastKnownFileType = file.storyboard; name = Base; path = Base.lproj/LaunchScreen.storyboard; sourceTree = "<group>"; };
		B0AD3F5D1B6EEC6D0013C0F7 /* Info.plist */ = {isa = PBXFileReference; lastKnownFileType = text.plist.xml; path = Info.plist; sourceTree = "<group>"; };
		B0AD3FD21B6EEDEA0013C0F7 /* StringExtension.swift */ = {isa = PBXFileReference; fileEncoding = 4; lastKnownFileType = sourcecode.swift; path = StringExtension.swift; sourceTree = "<group>"; };
		B0AD3FD31B6EEDEA0013C0F7 /* UIView.swift */ = {isa = PBXFileReference; fileEncoding = 4; lastKnownFileType = sourcecode.swift; path = UIView.swift; sourceTree = "<group>"; };
		B0AD3FD51B6EEDEA0013C0F7 /* HTTPData.swift */ = {isa = PBXFileReference; fileEncoding = 4; lastKnownFileType = sourcecode.swift; path = HTTPData.swift; sourceTree = "<group>"; };
		B0AD3FDA1B6EEE000013C0F7 /* IBIncludedThing.swift */ = {isa = PBXFileReference; fileEncoding = 4; lastKnownFileType = sourcecode.swift; path = IBIncludedThing.swift; sourceTree = "<group>"; };
		B0AD3FDB1B6EEE000013C0F7 /* IBIncludedWrapperViewController.swift */ = {isa = PBXFileReference; fileEncoding = 4; lastKnownFileType = sourcecode.swift; path = IBIncludedWrapperViewController.swift; sourceTree = "<group>"; };
		B0AD3FE31B6EEE290013C0F7 /* Base */ = {isa = PBXFileReference; lastKnownFileType = file.storyboard; name = Base; path = Base.lproj/ShepardFlow.storyboard; sourceTree = "<group>"; };
		B0AD3FFF1B6EEE640013C0F7 /* SavedData.swift */ = {isa = PBXFileReference; fileEncoding = 4; lastKnownFileType = sourcecode.swift; path = SavedData.swift; sourceTree = "<group>"; };
		B0AD40001B6EEE640013C0F7 /* Shepard.swift */ = {isa = PBXFileReference; fileEncoding = 4; lastKnownFileType = sourcecode.swift; path = Shepard.swift; sourceTree = "<group>"; };
		B0AD40041B6EEE730013C0F7 /* RoundedCornersBox.swift */ = {isa = PBXFileReference; fileEncoding = 4; lastKnownFileType = sourcecode.swift; path = RoundedCornersBox.swift; sourceTree = "<group>"; };
		B0AD40051B6EEE730013C0F7 /* Spinner.swift */ = {isa = PBXFileReference; fileEncoding = 4; lastKnownFileType = sourcecode.swift; path = Spinner.swift; sourceTree = "<group>"; };
		B0AD40161B6EEE970013C0F7 /* Base */ = {isa = PBXFileReference; lastKnownFileType = file.storyboard; name = Base; path = Base.lproj/Shepard.storyboard; sourceTree = "<group>"; };
		B0AD40171B6EEE970013C0F7 /* ShepardController.swift */ = {isa = PBXFileReference; fileEncoding = 4; lastKnownFileType = sourcecode.swift; path = ShepardController.swift; sourceTree = "<group>"; };
		B12949931B78425F003B88FD /* ShepardFlowController.swift */ = {isa = PBXFileReference; fileEncoding = 4; lastKnownFileType = sourcecode.swift; path = ShepardFlowController.swift; sourceTree = "<group>"; };
		B12949951B78747F003B88FD /* CurrentGame.swift */ = {isa = PBXFileReference; fileEncoding = 4; lastKnownFileType = sourcecode.swift; path = CurrentGame.swift; sourceTree = "<group>"; };
/* End PBXFileReference section */

/* Begin PBXFrameworksBuildPhase section */
		B0AD3F4B1B6EEC6D0013C0F7 /* Frameworks */ = {
			isa = PBXFrameworksBuildPhase;
			buildActionMask = 2147483647;
			files = (
			);
			runOnlyForDeploymentPostprocessing = 0;
		};
/* End PBXFrameworksBuildPhase section */

/* Begin PBXGroup section */
		B08699001B76E63A00C3BF3F /* Appearance */ = {
			isa = PBXGroup;
			children = (
				B08699051B76E63A00C3BF3F /* Appearance.storyboard */,
				B08699021B76E63A00C3BF3F /* AppearanceController.swift */,
				B08699011B76E63A00C3BF3F /* AppearanceCodeReader.swift */,
				B08699031B76E63A00C3BF3F /* AppearanceME1Group.swift */,
				B08699041B76E63A00C3BF3F /* AppearanceME1Slider.swift */,
			);
			path = Appearance;
			sourceTree = "<group>";
		};
		B086991E1B76E90500C3BF3F /* Section Header */ = {
			isa = PBXGroup;
			children = (
				B086991F1B76E90500C3BF3F /* Images.xcassets */,
				B08699211B76E90500C3BF3F /* SectionHeader.xib */,
				B08699231B76E90500C3BF3F /* SectionHeader.swift */,
			);
			path = "Section Header";
			sourceTree = "<group>";
		};
		B0AD3F451B6EEC6D0013C0F7 = {
			isa = PBXGroup;
			children = (
				B0AD3F501B6EEC6D0013C0F7 /* ShepardAppearanceConverter */,
				B0AD3F4F1B6EEC6D0013C0F7 /* Products */,
			);
			sourceTree = "<group>";
		};
		B0AD3F4F1B6EEC6D0013C0F7 /* Products */ = {
			isa = PBXGroup;
			children = (
				B0AD3F4E1B6EEC6D0013C0F7 /* ShepardAppearanceConverter.app */,
			);
			name = Products;
			sourceTree = "<group>";
		};
		B0AD3F501B6EEC6D0013C0F7 /* ShepardAppearanceConverter */ = {
			isa = PBXGroup;
			children = (
				B0AD3FC31B6EEDC90013C0F7 /* Library */,
				B0AD3FFE1B6EEE640013C0F7 /* Models */,
				B0AD3FE11B6EEE290013C0F7 /* Views */,
				B0AD3F511B6EEC6D0013C0F7 /* AppDelegate.swift */,
				B0AD3F581B6EEC6D0013C0F7 /* Assets.xcassets */,
				B0AD3F5A1B6EEC6D0013C0F7 /* LaunchScreen.storyboard */,
				B0AD3F5D1B6EEC6D0013C0F7 /* Info.plist */,
			);
			path = ShepardAppearanceConverter;
			sourceTree = "<group>";
		};
		B0AD3FC31B6EEDC90013C0F7 /* Library */ = {
			isa = PBXGroup;
			children = (
				B0AD3FD11B6EEDEA0013C0F7 /* Extensions */,
				B0AD3FD41B6EEDEA0013C0F7 /* HTTPData */,
				B0AD3FD91B6EEE000013C0F7 /* IBIncluded */,
			);
			path = Library;
			sourceTree = "<group>";
		};
		B0AD3FD11B6EEDEA0013C0F7 /* Extensions */ = {
			isa = PBXGroup;
			children = (
				B0AD3FD21B6EEDEA0013C0F7 /* StringExtension.swift */,
				B0AD3FD31B6EEDEA0013C0F7 /* UIView.swift */,
			);
			path = Extensions;
			sourceTree = "<group>";
		};
		B0AD3FD41B6EEDEA0013C0F7 /* HTTPData */ = {
			isa = PBXGroup;
			children = (
				B0AD3FD51B6EEDEA0013C0F7 /* HTTPData.swift */,
			);
			path = HTTPData;
			sourceTree = "<group>";
		};
		B0AD3FD91B6EEE000013C0F7 /* IBIncluded */ = {
			isa = PBXGroup;
			children = (
				B0AD3FDA1B6EEE000013C0F7 /* IBIncludedThing.swift */,
				B0AD3FDB1B6EEE000013C0F7 /* IBIncludedWrapperViewController.swift */,
			);
			path = IBIncluded;
			sourceTree = "<group>";
		};
		B0AD3FE11B6EEE290013C0F7 /* Views */ = {
			isa = PBXGroup;
			children = (
				B0AD3FE21B6EEE290013C0F7 /* ShepardFlow.storyboard */,
				B12949931B78425F003B88FD /* ShepardFlowController.swift */,
				B0AD40031B6EEE730013C0F7 /* Common */,
				B0AD40141B6EEE970013C0F7 /* Shepard */,
				B08699001B76E63A00C3BF3F /* Appearance */,
			);
			path = Views;
			sourceTree = "<group>";
		};
		B0AD3FFE1B6EEE640013C0F7 /* Models */ = {
			isa = PBXGroup;
			children = (
				B0AD3FFF1B6EEE640013C0F7 /* SavedData.swift */,
				B0AD40001B6EEE640013C0F7 /* Shepard.swift */,
				B12949951B78747F003B88FD /* CurrentGame.swift */,
			);
			path = Models;
			sourceTree = "<group>";
		};
		B0AD40031B6EEE730013C0F7 /* Common */ = {
			isa = PBXGroup;
			children = (
				B086991E1B76E90500C3BF3F /* Section Header */,
				B08699271B76E96800C3BF3F /* HairlineBorderView.swift */,
				B0AD40041B6EEE730013C0F7 /* RoundedCornersBox.swift */,
				B0AD40051B6EEE730013C0F7 /* Spinner.swift */,
			);
			path = Common;
			sourceTree = "<group>";
		};
		B0AD40141B6EEE970013C0F7 /* Shepard */ = {
			isa = PBXGroup;
			children = (
				B03883631B76D57E00895145 /* Assets.xcassets */,
				B0AD40151B6EEE970013C0F7 /* Shepard.storyboard */,
				B0AD40171B6EEE970013C0F7 /* ShepardController.swift */,
			);
			path = Shepard;
			sourceTree = "<group>";
		};
/* End PBXGroup section */

/* Begin PBXNativeTarget section */
		B0AD3F4D1B6EEC6D0013C0F7 /* ShepardAppearanceConverter */ = {
			isa = PBXNativeTarget;
			buildConfigurationList = B0AD3F601B6EEC6D0013C0F7 /* Build configuration list for PBXNativeTarget "ShepardAppearanceConverter" */;
			buildPhases = (
				B0AD3F4A1B6EEC6D0013C0F7 /* Sources */,
				B0AD3F4B1B6EEC6D0013C0F7 /* Frameworks */,
				B0AD3F4C1B6EEC6D0013C0F7 /* Resources */,
			);
			buildRules = (
			);
			dependencies = (
			);
			name = ShepardAppearanceConverter;
			productName = ShepardAppearanceConverter;
			productReference = B0AD3F4E1B6EEC6D0013C0F7 /* ShepardAppearanceConverter.app */;
			productType = "com.apple.product-type.application";
		};
/* End PBXNativeTarget section */

/* Begin PBXProject section */
		B0AD3F461B6EEC6D0013C0F7 /* Project object */ = {
			isa = PBXProject;
			attributes = {
				LastUpgradeCheck = 0700;
				ORGANIZATIONNAME = "Emily Ivie";
				TargetAttributes = {
					B0AD3F4D1B6EEC6D0013C0F7 = {
						CreatedOnToolsVersion = 7.0;
					};
				};
			};
			buildConfigurationList = B0AD3F491B6EEC6D0013C0F7 /* Build configuration list for PBXProject "ShepardAppearanceConverter" */;
			compatibilityVersion = "Xcode 3.2";
			developmentRegion = English;
			hasScannedForEncodings = 0;
			knownRegions = (
				en,
				Base,
			);
			mainGroup = B0AD3F451B6EEC6D0013C0F7;
			productRefGroup = B0AD3F4F1B6EEC6D0013C0F7 /* Products */;
			projectDirPath = "";
			projectRoot = "";
			targets = (
				B0AD3F4D1B6EEC6D0013C0F7 /* ShepardAppearanceConverter */,
			);
		};
/* End PBXProject section */

/* Begin PBXResourcesBuildPhase section */
		B0AD3F4C1B6EEC6D0013C0F7 /* Resources */ = {
			isa = PBXResourcesBuildPhase;
			buildActionMask = 2147483647;
			files = (
				B0AD3F5C1B6EEC6D0013C0F7 /* LaunchScreen.storyboard in Resources */,
				B08699241B76E90500C3BF3F /* Images.xcassets in Resources */,
				B0AD3F591B6EEC6D0013C0F7 /* Assets.xcassets in Resources */,
				B0AD3FF41B6EEE290013C0F7 /* ShepardFlow.storyboard in Resources */,
				B08699251B76E90500C3BF3F /* SectionHeader.xib in Resources */,
				B0AD40181B6EEE970013C0F7 /* Shepard.storyboard in Resources */,
				B03883651B76D57E00895145 /* Assets.xcassets in Resources */,
				B086990B1B76E63A00C3BF3F /* Appearance.storyboard in Resources */,
			);
			runOnlyForDeploymentPostprocessing = 0;
		};
/* End PBXResourcesBuildPhase section */

/* Begin PBXSourcesBuildPhase section */
		B0AD3F4A1B6EEC6D0013C0F7 /* Sources */ = {
			isa = PBXSourcesBuildPhase;
			buildActionMask = 2147483647;
			files = (
				B12949961B78747F003B88FD /* CurrentGame.swift in Sources */,
				B086990A1B76E63A00C3BF3F /* AppearanceME1Slider.swift in Sources */,
				B0AD3FD71B6EEDEA0013C0F7 /* UIView.swift in Sources */,
				B0AD40061B6EEE730013C0F7 /* RoundedCornersBox.swift in Sources */,
				B12949941B78425F003B88FD /* ShepardFlowController.swift in Sources */,
				B08699071B76E63A00C3BF3F /* AppearanceCodeReader.swift in Sources */,
				B08699091B76E63A00C3BF3F /* AppearanceME1Group.swift in Sources */,
				B0AD40191B6EEE970013C0F7 /* ShepardController.swift in Sources */,
				B0AD3FD61B6EEDEA0013C0F7 /* StringExtension.swift in Sources */,
				B0AD3F521B6EEC6D0013C0F7 /* AppDelegate.swift in Sources */,
				B0AD3FDD1B6EEE000013C0F7 /* IBIncludedWrapperViewController.swift in Sources */,
				B08699081B76E63A00C3BF3F /* AppearanceController.swift in Sources */,
				B0AD40011B6EEE640013C0F7 /* SavedData.swift in Sources */,
				B0AD3FD81B6EEDEA0013C0F7 /* HTTPData.swift in Sources */,
				B0AD3FDC1B6EEE000013C0F7 /* IBIncludedThing.swift in Sources */,
				B08699261B76E90500C3BF3F /* SectionHeader.swift in Sources */,
				B0AD40021B6EEE640013C0F7 /* Shepard.swift in Sources */,
				B0AD40071B6EEE730013C0F7 /* Spinner.swift in Sources */,
				B08699281B76E96800C3BF3F /* HairlineBorderView.swift in Sources */,
			);
			runOnlyForDeploymentPostprocessing = 0;
		};
/* End PBXSourcesBuildPhase section */

/* Begin PBXVariantGroup section */
		B03883631B76D57E00895145 /* Assets.xcassets */ = {
			isa = PBXVariantGroup;
			children = (
				B03883641B76D57E00895145 /* Base */,
			);
			name = Assets.xcassets;
			sourceTree = "<group>";
		};
		B08699051B76E63A00C3BF3F /* Appearance.storyboard */ = {
			isa = PBXVariantGroup;
			children = (
				B08699061B76E63A00C3BF3F /* Base */,
			);
			name = Appearance.storyboard;
			sourceTree = "<group>";
		};
		B086991F1B76E90500C3BF3F /* Images.xcassets */ = {
			isa = PBXVariantGroup;
			children = (
				B08699201B76E90500C3BF3F /* Base */,
			);
			name = Images.xcassets;
			sourceTree = "<group>";
		};
		B08699211B76E90500C3BF3F /* SectionHeader.xib */ = {
			isa = PBXVariantGroup;
			children = (
				B08699221B76E90500C3BF3F /* Base */,
			);
			name = SectionHeader.xib;
			sourceTree = "<group>";
		};
		B0AD3F5A1B6EEC6D0013C0F7 /* LaunchScreen.storyboard */ = {
			isa = PBXVariantGroup;
			children = (
				B0AD3F5B1B6EEC6D0013C0F7 /* Base */,
			);
			name = LaunchScreen.storyboard;
			sourceTree = "<group>";
		};
		B0AD3FE21B6EEE290013C0F7 /* ShepardFlow.storyboard */ = {
			isa = PBXVariantGroup;
			children = (
				B0AD3FE31B6EEE290013C0F7 /* Base */,
			);
			name = ShepardFlow.storyboard;
			sourceTree = "<group>";
		};
		B0AD40151B6EEE970013C0F7 /* Shepard.storyboard */ = {
			isa = PBXVariantGroup;
			children = (
				B0AD40161B6EEE970013C0F7 /* Base */,
			);
			name = Shepard.storyboard;
			sourceTree = "<group>";
		};
/* End PBXVariantGroup section */

/* Begin XCBuildConfiguration section */
		B0AD3F5E1B6EEC6D0013C0F7 /* Debug */ = {
			isa = XCBuildConfiguration;
			buildSettings = {
				ALWAYS_SEARCH_USER_PATHS = NO;
				CLANG_CXX_LANGUAGE_STANDARD = "gnu++0x";
				CLANG_CXX_LIBRARY = "libc++";
				CLANG_ENABLE_MODULES = YES;
				CLANG_ENABLE_OBJC_ARC = YES;
				CLANG_WARN_BOOL_CONVERSION = YES;
				CLANG_WARN_CONSTANT_CONVERSION = YES;
				CLANG_WARN_DIRECT_OBJC_ISA_USAGE = YES_ERROR;
				CLANG_WARN_EMPTY_BODY = YES;
				CLANG_WARN_ENUM_CONVERSION = YES;
				CLANG_WARN_INT_CONVERSION = YES;
				CLANG_WARN_OBJC_ROOT_CLASS = YES_ERROR;
				CLANG_WARN_UNREACHABLE_CODE = YES;
				CLANG_WARN__DUPLICATE_METHOD_MATCH = YES;
				"CODE_SIGN_IDENTITY[sdk=iphoneos*]" = "iPhone Developer";
				COPY_PHASE_STRIP = NO;
				DEBUG_INFORMATION_FORMAT = dwarf;
				ENABLE_STRICT_OBJC_MSGSEND = YES;
				ENABLE_TESTABILITY = YES;
				GCC_C_LANGUAGE_STANDARD = gnu99;
				GCC_DYNAMIC_NO_PIC = NO;
				GCC_NO_COMMON_BLOCKS = YES;
				GCC_OPTIMIZATION_LEVEL = 0;
				GCC_PREPROCESSOR_DEFINITIONS = (
					"DEBUG=1",
					"$(inherited)",
				);
				GCC_WARN_64_TO_32_BIT_CONVERSION = YES;
				GCC_WARN_ABOUT_RETURN_TYPE = YES_ERROR;
				GCC_WARN_UNDECLARED_SELECTOR = YES;
				GCC_WARN_UNINITIALIZED_AUTOS = YES_AGGRESSIVE;
				GCC_WARN_UNUSED_FUNCTION = YES;
				GCC_WARN_UNUSED_VARIABLE = YES;
				IPHONEOS_DEPLOYMENT_TARGET = 9.0;
				MTL_ENABLE_DEBUG_INFO = YES;
				ONLY_ACTIVE_ARCH = YES;
				SDKROOT = iphoneos;
				SWIFT_OPTIMIZATION_LEVEL = "-Onone";
				TARGETED_DEVICE_FAMILY = "1,2";
			};
			name = Debug;
		};
		B0AD3F5F1B6EEC6D0013C0F7 /* Release */ = {
			isa = XCBuildConfiguration;
			buildSettings = {
				ALWAYS_SEARCH_USER_PATHS = NO;
				CLANG_CXX_LANGUAGE_STANDARD = "gnu++0x";
				CLANG_CXX_LIBRARY = "libc++";
				CLANG_ENABLE_MODULES = YES;
				CLANG_ENABLE_OBJC_ARC = YES;
				CLANG_WARN_BOOL_CONVERSION = YES;
				CLANG_WARN_CONSTANT_CONVERSION = YES;
				CLANG_WARN_DIRECT_OBJC_ISA_USAGE = YES_ERROR;
				CLANG_WARN_EMPTY_BODY = YES;
				CLANG_WARN_ENUM_CONVERSION = YES;
				CLANG_WARN_INT_CONVERSION = YES;
				CLANG_WARN_OBJC_ROOT_CLASS = YES_ERROR;
				CLANG_WARN_UNREACHABLE_CODE = YES;
				CLANG_WARN__DUPLICATE_METHOD_MATCH = YES;
				"CODE_SIGN_IDENTITY[sdk=iphoneos*]" = "iPhone Developer";
				COPY_PHASE_STRIP = NO;
				DEBUG_INFORMATION_FORMAT = "dwarf-with-dsym";
				ENABLE_NS_ASSERTIONS = NO;
				ENABLE_STRICT_OBJC_MSGSEND = YES;
				GCC_C_LANGUAGE_STANDARD = gnu99;
				GCC_NO_COMMON_BLOCKS = YES;
				GCC_WARN_64_TO_32_BIT_CONVERSION = YES;
				GCC_WARN_ABOUT_RETURN_TYPE = YES_ERROR;
				GCC_WARN_UNDECLARED_SELECTOR = YES;
				GCC_WARN_UNINITIALIZED_AUTOS = YES_AGGRESSIVE;
				GCC_WARN_UNUSED_FUNCTION = YES;
				GCC_WARN_UNUSED_VARIABLE = YES;
				IPHONEOS_DEPLOYMENT_TARGET = 9.0;
				MTL_ENABLE_DEBUG_INFO = NO;
				SDKROOT = iphoneos;
				TARGETED_DEVICE_FAMILY = "1,2";
				VALIDATE_PRODUCT = YES;
			};
			name = Release;
		};
		B0AD3F611B6EEC6D0013C0F7 /* Debug */ = {
			isa = XCBuildConfiguration;
			buildSettings = {
				ASSETCATALOG_COMPILER_APPICON_NAME = AppIcon;
				INFOPLIST_FILE = ShepardAppearanceConverter/Info.plist;
				LD_RUNPATH_SEARCH_PATHS = "$(inherited) @executable_path/Frameworks";
				PRODUCT_BUNDLE_IDENTIFIER = com.urdnot.ShepardAppearanceConverter;
				PRODUCT_NAME = "$(TARGET_NAME)";
			};
			name = Debug;
		};
		B0AD3F621B6EEC6D0013C0F7 /* Release */ = {
			isa = XCBuildConfiguration;
			buildSettings = {
				ASSETCATALOG_COMPILER_APPICON_NAME = AppIcon;
				INFOPLIST_FILE = ShepardAppearanceConverter/Info.plist;
				LD_RUNPATH_SEARCH_PATHS = "$(inherited) @executable_path/Frameworks";
				PRODUCT_BUNDLE_IDENTIFIER = com.urdnot.ShepardAppearanceConverter;
				PRODUCT_NAME = "$(TARGET_NAME)";
			};
			name = Release;
		};
/* End XCBuildConfiguration section */

/* Begin XCConfigurationList section */
		B0AD3F491B6EEC6D0013C0F7 /* Build configuration list for PBXProject "ShepardAppearanceConverter" */ = {
			isa = XCConfigurationList;
			buildConfigurations = (
				B0AD3F5E1B6EEC6D0013C0F7 /* Debug */,
				B0AD3F5F1B6EEC6D0013C0F7 /* Release */,
			);
			defaultConfigurationIsVisible = 0;
			defaultConfigurationName = Release;
		};
		B0AD3F601B6EEC6D0013C0F7 /* Build configuration list for PBXNativeTarget "ShepardAppearanceConverter" */ = {
			isa = XCConfigurationList;
			buildConfigurations = (
				B0AD3F611B6EEC6D0013C0F7 /* Debug */,
				B0AD3F621B6EEC6D0013C0F7 /* Release */,
			);
			defaultConfigurationIsVisible = 0;
			defaultConfigurationName = Release;
		};
/* End XCConfigurationList section */
	};
	rootObject = B0AD3F461B6EEC6D0013C0F7 /* Project object */;
}
